// !$*UTF8*$!
{
	archiveVersion = 1;
	classes = {
	};
	objectVersion = 56;
	objects = {

/* Begin PBXBuildFile section */
		3314726D28AD8298000AFD83 /* HomeView.swift in Sources */ = {isa = PBXBuildFile; fileRef = 3314726C28AD8298000AFD83 /* HomeView.swift */; };
		3314726F28AEAF4F000AFD83 /* CustomSearchBar.swift in Sources */ = {isa = PBXBuildFile; fileRef = 3314726E28AEAF4F000AFD83 /* CustomSearchBar.swift */; };
		3314727128AEB325000AFD83 /* ScrollSection.swift in Sources */ = {isa = PBXBuildFile; fileRef = 3314727028AEB325000AFD83 /* ScrollSection.swift */; };
		3314727328B01EE4000AFD83 /* BookingView.swift in Sources */ = {isa = PBXBuildFile; fileRef = 3314727228B01EE4000AFD83 /* BookingView.swift */; };
		3314727528B0292A000AFD83 /* LargeButton.swift in Sources */ = {isa = PBXBuildFile; fileRef = 3314727428B0292A000AFD83 /* LargeButton.swift */; };
		3314727928B02E31000AFD83 /* SeatsView.swift in Sources */ = {isa = PBXBuildFile; fileRef = 3314727828B02E31000AFD83 /* SeatsView.swift */; };
		3314727B28B0331E000AFD83 /* StatusUI.swift in Sources */ = {isa = PBXBuildFile; fileRef = 3314727A28B0331E000AFD83 /* StatusUI.swift */; };
		3314727F28B03852000AFD83 /* RoundButton.swift in Sources */ = {isa = PBXBuildFile; fileRef = 3314727E28B03852000AFD83 /* RoundButton.swift */; };
		33D8597C28ABDDCB00C842CF /* MovieBookingApp.swift in Sources */ = {isa = PBXBuildFile; fileRef = 33D8597B28ABDDCB00C842CF /* MovieBookingApp.swift */; };
		33D8597E28ABDDCB00C842CF /* ContentView.swift in Sources */ = {isa = PBXBuildFile; fileRef = 33D8597D28ABDDCB00C842CF /* ContentView.swift */; };
		33D8598028ABDDCC00C842CF /* Assets.xcassets in Resources */ = {isa = PBXBuildFile; fileRef = 33D8597F28ABDDCC00C842CF /* Assets.xcassets */; };
		33D8598328ABDDCC00C842CF /* Preview Assets.xcassets in Resources */ = {isa = PBXBuildFile; fileRef = 33D8598228ABDDCC00C842CF /* Preview Assets.xcassets */; };
		33D8598E28AC0EA600C842CF /* TicketData.swift in Sources */ = {isa = PBXBuildFile; fileRef = 33D8598D28AC0EA600C842CF /* TicketData.swift */; };
		33D8599028AC10A500C842CF /* PosterData.swift in Sources */ = {isa = PBXBuildFile; fileRef = 33D8598F28AC10A500C842CF /* PosterData.swift */; };
		33D8599228AC179800C842CF /* TimeButton.swift in Sources */ = {isa = PBXBuildFile; fileRef = 33D8599128AC179800C842CF /* TimeButton.swift */; };
		33D8599428AC17A200C842CF /* DateButton.swift in Sources */ = {isa = PBXBuildFile; fileRef = 33D8599328AC17A200C842CF /* DateButton.swift */; };
		33D8599728AC1E4D00C842CF /* CircleBackground.swift in Sources */ = {isa = PBXBuildFile; fileRef = 33D8599628AC1E4D00C842CF /* CircleBackground.swift */; };
		33D8599B28AC26E000C842CF /* CircleButton.swift in Sources */ = {isa = PBXBuildFile; fileRef = 33D8599A28AC26E000C842CF /* CircleButton.swift */; };
		33D8599D28AC288000C842CF /* TicketView.swift in Sources */ = {isa = PBXBuildFile; fileRef = 33D8599C28AC288000C842CF /* TicketView.swift */; };
		33D859A028AC2D0700C842CF /* Ticket.swift in Sources */ = {isa = PBXBuildFile; fileRef = 33D8599F28AC2D0700C842CF /* Ticket.swift */; };
		33D859A228AC2DF800C842CF /* utils.swift in Sources */ = {isa = PBXBuildFile; fileRef = 33D859A128AC2DF800C842CF /* utils.swift */; };
		33D859A428AC34A000C842CF /* Tickets.swift in Sources */ = {isa = PBXBuildFile; fileRef = 33D859A328AC34A000C842CF /* Tickets.swift */; };
		33D859A628AD6ABB00C842CF /* TabData.swift in Sources */ = {isa = PBXBuildFile; fileRef = 33D859A528AD6ABB00C842CF /* TabData.swift */; };
		33D859A828AD74F000C842CF /* CustomTabBar.swift in Sources */ = {isa = PBXBuildFile; fileRef = 33D859A728AD74F000C842CF /* CustomTabBar.swift */; };
		CD4A401E29A7750B0061744A /* PreviewLayoutComponentModifier.swift in Sources */ = {isa = PBXBuildFile; fileRef = CD4A401829A7750B0061744A /* PreviewLayoutComponentModifier.swift */; };
		CD4A401F29A7750B0061744A /* CloseModifier.swift in Sources */ = {isa = PBXBuildFile; fileRef = CD4A401929A7750B0061744A /* CloseModifier.swift */; };
		CD4A402029A7750B0061744A /* InputTextFieldView.swift in Sources */ = {isa = PBXBuildFile; fileRef = CD4A401B29A7750B0061744A /* InputTextFieldView.swift */; };
		CD4A402129A7750B0061744A /* InputPasswordView.swift in Sources */ = {isa = PBXBuildFile; fileRef = CD4A401C29A7750B0061744A /* InputPasswordView.swift */; };
		CD4A402229A7750B0061744A /* ButtonComponentView.swift in Sources */ = {isa = PBXBuildFile; fileRef = CD4A401D29A7750B0061744A /* ButtonComponentView.swift */; };
		CD4A403929A775340061744A /* LoginViewModel.swift in Sources */ = {isa = PBXBuildFile; fileRef = CD4A403229A775310061744A /* LoginViewModel.swift */; };
		CD4A403A29A775340061744A /* LoginCredentials.swift in Sources */ = {isa = PBXBuildFile; fileRef = CD4A403429A775310061744A /* LoginCredentials.swift */; };
		CD4A403B29A775340061744A /* LoginView.swift in Sources */ = {isa = PBXBuildFile; fileRef = CD4A403629A775310061744A /* LoginView.swift */; };
		CD4A403C29A775340061744A /* LoginService.swift in Sources */ = {isa = PBXBuildFile; fileRef = CD4A403829A775310061744A /* LoginService.swift */; };
		CD4A404429A775430061744A /* ForgotPasswordViewModel.swift in Sources */ = {isa = PBXBuildFile; fileRef = CD4A403F29A775430061744A /* ForgotPasswordViewModel.swift */; };
		CD4A404529A775430061744A /* ForgotPasswordView.swift in Sources */ = {isa = PBXBuildFile; fileRef = CD4A404129A775430061744A /* ForgotPasswordView.swift */; };
		CD4A404629A775430061744A /* ForgotPasswordService.swift in Sources */ = {isa = PBXBuildFile; fileRef = CD4A404329A775430061744A /* ForgotPasswordService.swift */; };
		CD4A405029A7754A0061744A /* RegistrationViewModel.swift in Sources */ = {isa = PBXBuildFile; fileRef = CD4A404929A7754A0061744A /* RegistrationViewModel.swift */; };
		CD4A405129A7754A0061744A /* RegistrationDetails.swift in Sources */ = {isa = PBXBuildFile; fileRef = CD4A404B29A7754A0061744A /* RegistrationDetails.swift */; };
		CD4A405229A7754A0061744A /* RegisterView.swift in Sources */ = {isa = PBXBuildFile; fileRef = CD4A404D29A7754A0061744A /* RegisterView.swift */; };
		CD4A405329A7754A0061744A /* RegistrationService.swift in Sources */ = {isa = PBXBuildFile; fileRef = CD4A404F29A7754A0061744A /* RegistrationService.swift */; };
		CD4A405929A775530061744A /* SessionUserDetails.swift in Sources */ = {isa = PBXBuildFile; fileRef = CD4A405629A775530061744A /* SessionUserDetails.swift */; };
		CD4A405A29A775530061744A /* SessionService.swift in Sources */ = {isa = PBXBuildFile; fileRef = CD4A405829A775530061744A /* SessionService.swift */; };
		CD4A405E29A7755A0061744A /* AccountView.swift in Sources */ = {isa = PBXBuildFile; fileRef = CD4A405D29A775590061744A /* AccountView.swift */; };
		CD4A406129A77A8F0061744A /* FirebaseDatabase in Frameworks */ = {isa = PBXBuildFile; productRef = CD4A406029A77A8F0061744A /* FirebaseDatabase */; };
		CD4A406329A77B870061744A /* FirebaseAuth in Frameworks */ = {isa = PBXBuildFile; productRef = CD4A406229A77B870061744A /* FirebaseAuth */; };
		CD4A406629A780830061744A /* GoogleSignIn in Frameworks */ = {isa = PBXBuildFile; productRef = CD4A406529A780830061744A /* GoogleSignIn */; };
		CD4A406829A780840061744A /* GoogleSignInSwift in Frameworks */ = {isa = PBXBuildFile; productRef = CD4A406729A780840061744A /* GoogleSignInSwift */; };
		CD4E60DD299F85610003229E /* GoogleService-Info.plist in Resources */ = {isa = PBXBuildFile; fileRef = CD4E60DC299F85610003229E /* GoogleService-Info.plist */; };
		CD9CC0E129C75E7D0076F9CA /* VenueList.swift in Sources */ = {isa = PBXBuildFile; fileRef = CD9CC0E029C75E7D0076F9CA /* VenueList.swift */; };
		CDD1A073299E1636003E4C43 /* FirebaseFirestore in Frameworks */ = {isa = PBXBuildFile; productRef = CDD1A072299E1636003E4C43 /* FirebaseFirestore */; };
		CDD1A075299E1636003E4C43 /* FirebaseFirestoreSwift in Frameworks */ = {isa = PBXBuildFile; productRef = CDD1A074299E1636003E4C43 /* FirebaseFirestoreSwift */; };
		CDD1A078299E16FC003E4C43 /* NewsFeedView.swift in Sources */ = {isa = PBXBuildFile; fileRef = CDD1A077299E16FC003E4C43 /* NewsFeedView.swift */; };
		CDD1A07F299F695B003E4C43 /* SDWebImageSwiftUI in Frameworks */ = {isa = PBXBuildFile; productRef = CDD1A07E299F695B003E4C43 /* SDWebImageSwiftUI */; };
/* End PBXBuildFile section */

/* Begin PBXFileReference section */
		3314726C28AD8298000AFD83 /* HomeView.swift */ = {isa = PBXFileReference; lastKnownFileType = sourcecode.swift; path = HomeView.swift; sourceTree = "<group>"; };
		3314726E28AEAF4F000AFD83 /* CustomSearchBar.swift */ = {isa = PBXFileReference; lastKnownFileType = sourcecode.swift; path = CustomSearchBar.swift; sourceTree = "<group>"; };
		3314727028AEB325000AFD83 /* ScrollSection.swift */ = {isa = PBXFileReference; lastKnownFileType = sourcecode.swift; path = ScrollSection.swift; sourceTree = "<group>"; };
		3314727228B01EE4000AFD83 /* BookingView.swift */ = {isa = PBXFileReference; lastKnownFileType = sourcecode.swift; path = BookingView.swift; sourceTree = "<group>"; };
		3314727428B0292A000AFD83 /* LargeButton.swift */ = {isa = PBXFileReference; lastKnownFileType = sourcecode.swift; path = LargeButton.swift; sourceTree = "<group>"; };
		3314727828B02E31000AFD83 /* SeatsView.swift */ = {isa = PBXFileReference; lastKnownFileType = sourcecode.swift; path = SeatsView.swift; sourceTree = "<group>"; };
		3314727A28B0331E000AFD83 /* StatusUI.swift */ = {isa = PBXFileReference; lastKnownFileType = sourcecode.swift; path = StatusUI.swift; sourceTree = "<group>"; };
		3314727E28B03852000AFD83 /* RoundButton.swift */ = {isa = PBXFileReference; lastKnownFileType = sourcecode.swift; path = RoundButton.swift; sourceTree = "<group>"; };
		33D8597828ABDDCB00C842CF /* Oryn.app */ = {isa = PBXFileReference; explicitFileType = wrapper.application; includeInIndex = 0; path = Oryn.app; sourceTree = BUILT_PRODUCTS_DIR; };
		33D8597B28ABDDCB00C842CF /* MovieBookingApp.swift */ = {isa = PBXFileReference; lastKnownFileType = sourcecode.swift; path = MovieBookingApp.swift; sourceTree = "<group>"; };
		33D8597D28ABDDCB00C842CF /* ContentView.swift */ = {isa = PBXFileReference; lastKnownFileType = sourcecode.swift; path = ContentView.swift; sourceTree = "<group>"; };
		33D8597F28ABDDCC00C842CF /* Assets.xcassets */ = {isa = PBXFileReference; lastKnownFileType = folder.assetcatalog; path = Assets.xcassets; sourceTree = "<group>"; };
		33D8598228ABDDCC00C842CF /* Preview Assets.xcassets */ = {isa = PBXFileReference; lastKnownFileType = folder.assetcatalog; path = "Preview Assets.xcassets"; sourceTree = "<group>"; };
		33D8598D28AC0EA600C842CF /* TicketData.swift */ = {isa = PBXFileReference; lastKnownFileType = sourcecode.swift; path = TicketData.swift; sourceTree = "<group>"; };
		33D8598F28AC10A500C842CF /* PosterData.swift */ = {isa = PBXFileReference; lastKnownFileType = sourcecode.swift; path = PosterData.swift; sourceTree = "<group>"; };
		33D8599128AC179800C842CF /* TimeButton.swift */ = {isa = PBXFileReference; lastKnownFileType = sourcecode.swift; path = TimeButton.swift; sourceTree = "<group>"; };
		33D8599328AC17A200C842CF /* DateButton.swift */ = {isa = PBXFileReference; lastKnownFileType = sourcecode.swift; path = DateButton.swift; sourceTree = "<group>"; };
		33D8599628AC1E4D00C842CF /* CircleBackground.swift */ = {isa = PBXFileReference; lastKnownFileType = sourcecode.swift; path = CircleBackground.swift; sourceTree = "<group>"; };
		33D8599A28AC26E000C842CF /* CircleButton.swift */ = {isa = PBXFileReference; lastKnownFileType = sourcecode.swift; path = CircleButton.swift; sourceTree = "<group>"; };
		33D8599C28AC288000C842CF /* TicketView.swift */ = {isa = PBXFileReference; lastKnownFileType = sourcecode.swift; path = TicketView.swift; sourceTree = "<group>"; };
		33D8599F28AC2D0700C842CF /* Ticket.swift */ = {isa = PBXFileReference; lastKnownFileType = sourcecode.swift; path = Ticket.swift; sourceTree = "<group>"; };
		33D859A128AC2DF800C842CF /* utils.swift */ = {isa = PBXFileReference; lastKnownFileType = sourcecode.swift; path = utils.swift; sourceTree = "<group>"; };
		33D859A328AC34A000C842CF /* Tickets.swift */ = {isa = PBXFileReference; lastKnownFileType = sourcecode.swift; path = Tickets.swift; sourceTree = "<group>"; };
		33D859A528AD6ABB00C842CF /* TabData.swift */ = {isa = PBXFileReference; lastKnownFileType = sourcecode.swift; path = TabData.swift; sourceTree = "<group>"; };
		33D859A728AD74F000C842CF /* CustomTabBar.swift */ = {isa = PBXFileReference; lastKnownFileType = sourcecode.swift; path = CustomTabBar.swift; sourceTree = "<group>"; };
		CD0F872829A157BF002D6056 /* Info.plist */ = {isa = PBXFileReference; lastKnownFileType = text.plist.xml; path = Info.plist; sourceTree = "<group>"; };
		CD4A401829A7750B0061744A /* PreviewLayoutComponentModifier.swift */ = {isa = PBXFileReference; fileEncoding = 4; lastKnownFileType = sourcecode.swift; path = PreviewLayoutComponentModifier.swift; sourceTree = "<group>"; };
		CD4A401929A7750B0061744A /* CloseModifier.swift */ = {isa = PBXFileReference; fileEncoding = 4; lastKnownFileType = sourcecode.swift; path = CloseModifier.swift; sourceTree = "<group>"; };
		CD4A401B29A7750B0061744A /* InputTextFieldView.swift */ = {isa = PBXFileReference; fileEncoding = 4; lastKnownFileType = sourcecode.swift; path = InputTextFieldView.swift; sourceTree = "<group>"; };
		CD4A401C29A7750B0061744A /* InputPasswordView.swift */ = {isa = PBXFileReference; fileEncoding = 4; lastKnownFileType = sourcecode.swift; path = InputPasswordView.swift; sourceTree = "<group>"; };
		CD4A401D29A7750B0061744A /* ButtonComponentView.swift */ = {isa = PBXFileReference; fileEncoding = 4; lastKnownFileType = sourcecode.swift; path = ButtonComponentView.swift; sourceTree = "<group>"; };
		CD4A403229A775310061744A /* LoginViewModel.swift */ = {isa = PBXFileReference; fileEncoding = 4; lastKnownFileType = sourcecode.swift; path = LoginViewModel.swift; sourceTree = "<group>"; };
		CD4A403429A775310061744A /* LoginCredentials.swift */ = {isa = PBXFileReference; fileEncoding = 4; lastKnownFileType = sourcecode.swift; path = LoginCredentials.swift; sourceTree = "<group>"; };
		CD4A403629A775310061744A /* LoginView.swift */ = {isa = PBXFileReference; fileEncoding = 4; lastKnownFileType = sourcecode.swift; path = LoginView.swift; sourceTree = "<group>"; };
		CD4A403829A775310061744A /* LoginService.swift */ = {isa = PBXFileReference; fileEncoding = 4; lastKnownFileType = sourcecode.swift; path = LoginService.swift; sourceTree = "<group>"; };
		CD4A403F29A775430061744A /* ForgotPasswordViewModel.swift */ = {isa = PBXFileReference; fileEncoding = 4; lastKnownFileType = sourcecode.swift; path = ForgotPasswordViewModel.swift; sourceTree = "<group>"; };
		CD4A404129A775430061744A /* ForgotPasswordView.swift */ = {isa = PBXFileReference; fileEncoding = 4; lastKnownFileType = sourcecode.swift; path = ForgotPasswordView.swift; sourceTree = "<group>"; };
		CD4A404329A775430061744A /* ForgotPasswordService.swift */ = {isa = PBXFileReference; fileEncoding = 4; lastKnownFileType = sourcecode.swift; path = ForgotPasswordService.swift; sourceTree = "<group>"; };
		CD4A404929A7754A0061744A /* RegistrationViewModel.swift */ = {isa = PBXFileReference; fileEncoding = 4; lastKnownFileType = sourcecode.swift; path = RegistrationViewModel.swift; sourceTree = "<group>"; };
		CD4A404B29A7754A0061744A /* RegistrationDetails.swift */ = {isa = PBXFileReference; fileEncoding = 4; lastKnownFileType = sourcecode.swift; path = RegistrationDetails.swift; sourceTree = "<group>"; };
		CD4A404D29A7754A0061744A /* RegisterView.swift */ = {isa = PBXFileReference; fileEncoding = 4; lastKnownFileType = sourcecode.swift; path = RegisterView.swift; sourceTree = "<group>"; };
		CD4A404F29A7754A0061744A /* RegistrationService.swift */ = {isa = PBXFileReference; fileEncoding = 4; lastKnownFileType = sourcecode.swift; path = RegistrationService.swift; sourceTree = "<group>"; };
		CD4A405629A775530061744A /* SessionUserDetails.swift */ = {isa = PBXFileReference; fileEncoding = 4; lastKnownFileType = sourcecode.swift; path = SessionUserDetails.swift; sourceTree = "<group>"; };
		CD4A405829A775530061744A /* SessionService.swift */ = {isa = PBXFileReference; fileEncoding = 4; lastKnownFileType = sourcecode.swift; path = SessionService.swift; sourceTree = "<group>"; };
		CD4A405D29A775590061744A /* AccountView.swift */ = {isa = PBXFileReference; fileEncoding = 4; lastKnownFileType = sourcecode.swift; path = AccountView.swift; sourceTree = "<group>"; };
		CD4E60DC299F85610003229E /* GoogleService-Info.plist */ = {isa = PBXFileReference; fileEncoding = 4; lastKnownFileType = text.plist.xml; path = "GoogleService-Info.plist"; sourceTree = "<group>"; };
		CD9CC0E029C75E7D0076F9CA /* VenueList.swift */ = {isa = PBXFileReference; lastKnownFileType = sourcecode.swift; path = VenueList.swift; sourceTree = "<group>"; };
		CDD1A077299E16FC003E4C43 /* NewsFeedView.swift */ = {isa = PBXFileReference; lastKnownFileType = sourcecode.swift; path = NewsFeedView.swift; sourceTree = "<group>"; };
		CDE9914229AA99C400E34801 /* Oryn.entitlements */ = {isa = PBXFileReference; lastKnownFileType = text.plist.entitlements; path = Oryn.entitlements; sourceTree = "<group>"; };
/* End PBXFileReference section */

/* Begin PBXFrameworksBuildPhase section */
		33D8597528ABDDCB00C842CF /* Frameworks */ = {
			isa = PBXFrameworksBuildPhase;
			buildActionMask = 2147483647;
			files = (
				CDD1A07F299F695B003E4C43 /* SDWebImageSwiftUI in Frameworks */,
				CD4A406329A77B870061744A /* FirebaseAuth in Frameworks */,
				CD4A406829A780840061744A /* GoogleSignInSwift in Frameworks */,
				CDD1A073299E1636003E4C43 /* FirebaseFirestore in Frameworks */,
				CD4A406129A77A8F0061744A /* FirebaseDatabase in Frameworks */,
				CDD1A075299E1636003E4C43 /* FirebaseFirestoreSwift in Frameworks */,
				CD4A406629A780830061744A /* GoogleSignIn in Frameworks */,
			);
			runOnlyForDeploymentPostprocessing = 0;
		};
/* End PBXFrameworksBuildPhase section */

/* Begin PBXGroup section */
		33D8596F28ABDDCB00C842CF = {
			isa = PBXGroup;
			children = (
				CD4A405B29A775590061744A /* Account */,
				CD4A405429A775530061744A /* Session */,
				CD4A404729A7754A0061744A /* Register */,
				CD4A403D29A775430061744A /* ForgotPassword */,
				CD4A403029A775310061744A /* Login */,
				CD4A401629A7750B0061744A /* Base */,
				33D8597A28ABDDCB00C842CF /* Oryn */,
				33D8597928ABDDCB00C842CF /* Products */,
				CD4A405F29A77A8F0061744A /* Frameworks */,
			);
			sourceTree = "<group>";
		};
		33D8597928ABDDCB00C842CF /* Products */ = {
			isa = PBXGroup;
			children = (
				33D8597828ABDDCB00C842CF /* Oryn.app */,
			);
			name = Products;
			sourceTree = "<group>";
		};
		33D8597A28ABDDCB00C842CF /* Oryn */ = {
			isa = PBXGroup;
			children = (
				CD9CC0DF29C75E680076F9CA /* VenueList */,
				CDE9914229AA99C400E34801 /* Oryn.entitlements */,
				CD0F872829A157BF002D6056 /* Info.plist */,
				CD4E60DC299F85610003229E /* GoogleService-Info.plist */,
				CDD1A076299E16E4003E4C43 /* NewsFeed */,
				33D8599E28AC2CF700C842CF /* Cards */,
				33D8599528AC1DEC00C842CF /* UI */,
				33D8598C28AC0E4500C842CF /* Data */,
				33D8598B28AC0E2F00C842CF /* Buttons */,
				33D8598A28AC0E0000C842CF /* Views */,
				33D8597B28ABDDCB00C842CF /* MovieBookingApp.swift */,
				33D8597D28ABDDCB00C842CF /* ContentView.swift */,
				33D8597F28ABDDCC00C842CF /* Assets.xcassets */,
				33D8598128ABDDCC00C842CF /* Preview Content */,
				33D859A128AC2DF800C842CF /* utils.swift */,
			);
			path = Oryn;
			sourceTree = "<group>";
		};
		33D8598128ABDDCC00C842CF /* Preview Content */ = {
			isa = PBXGroup;
			children = (
				33D8598228ABDDCC00C842CF /* Preview Assets.xcassets */,
			);
			path = "Preview Content";
			sourceTree = "<group>";
		};
		33D8598A28AC0E0000C842CF /* Views */ = {
			isa = PBXGroup;
			children = (
				33D8599C28AC288000C842CF /* TicketView.swift */,
				3314726C28AD8298000AFD83 /* HomeView.swift */,
				3314727228B01EE4000AFD83 /* BookingView.swift */,
				3314727828B02E31000AFD83 /* SeatsView.swift */,
			);
			path = Views;
			sourceTree = "<group>";
		};
		33D8598B28AC0E2F00C842CF /* Buttons */ = {
			isa = PBXGroup;
			children = (
				33D8599128AC179800C842CF /* TimeButton.swift */,
				33D8599328AC17A200C842CF /* DateButton.swift */,
				33D8599A28AC26E000C842CF /* CircleButton.swift */,
				3314727428B0292A000AFD83 /* LargeButton.swift */,
				3314727E28B03852000AFD83 /* RoundButton.swift */,
			);
			path = Buttons;
			sourceTree = "<group>";
		};
		33D8598C28AC0E4500C842CF /* Data */ = {
			isa = PBXGroup;
			children = (
				33D8598D28AC0EA600C842CF /* TicketData.swift */,
				33D8598F28AC10A500C842CF /* PosterData.swift */,
				33D859A528AD6ABB00C842CF /* TabData.swift */,
			);
			path = Data;
			sourceTree = "<group>";
		};
		33D8599528AC1DEC00C842CF /* UI */ = {
			isa = PBXGroup;
			children = (
				33D8599628AC1E4D00C842CF /* CircleBackground.swift */,
				33D859A728AD74F000C842CF /* CustomTabBar.swift */,
				3314726E28AEAF4F000AFD83 /* CustomSearchBar.swift */,
				3314727028AEB325000AFD83 /* ScrollSection.swift */,
				3314727A28B0331E000AFD83 /* StatusUI.swift */,
			);
			path = UI;
			sourceTree = "<group>";
		};
		33D8599E28AC2CF700C842CF /* Cards */ = {
			isa = PBXGroup;
			children = (
				33D8599F28AC2D0700C842CF /* Ticket.swift */,
				33D859A328AC34A000C842CF /* Tickets.swift */,
			);
			path = Cards;
			sourceTree = "<group>";
		};
		CD4A401629A7750B0061744A /* Base */ = {
			isa = PBXGroup;
			children = (
				CD4A401729A7750B0061744A /* Modifier */,
				CD4A401A29A7750B0061744A /* Views */,
			);
			path = Base;
			sourceTree = "<group>";
		};
		CD4A401729A7750B0061744A /* Modifier */ = {
			isa = PBXGroup;
			children = (
				CD4A401829A7750B0061744A /* PreviewLayoutComponentModifier.swift */,
				CD4A401929A7750B0061744A /* CloseModifier.swift */,
			);
			path = Modifier;
			sourceTree = "<group>";
		};
		CD4A401A29A7750B0061744A /* Views */ = {
			isa = PBXGroup;
			children = (
				CD4A401B29A7750B0061744A /* InputTextFieldView.swift */,
				CD4A401C29A7750B0061744A /* InputPasswordView.swift */,
				CD4A401D29A7750B0061744A /* ButtonComponentView.swift */,
			);
			path = Views;
			sourceTree = "<group>";
		};
		CD4A403029A775310061744A /* Login */ = {
			isa = PBXGroup;
			children = (
				CD4A403129A775310061744A /* ViewModel */,
				CD4A403329A775310061744A /* Model */,
				CD4A403529A775310061744A /* View */,
				CD4A403729A775310061744A /* Service */,
			);
			path = Login;
			sourceTree = "<group>";
		};
		CD4A403129A775310061744A /* ViewModel */ = {
			isa = PBXGroup;
			children = (
				CD4A403229A775310061744A /* LoginViewModel.swift */,
			);
			path = ViewModel;
			sourceTree = "<group>";
		};
		CD4A403329A775310061744A /* Model */ = {
			isa = PBXGroup;
			children = (
				CD4A403429A775310061744A /* LoginCredentials.swift */,
			);
			path = Model;
			sourceTree = "<group>";
		};
		CD4A403529A775310061744A /* View */ = {
			isa = PBXGroup;
			children = (
				CD4A403629A775310061744A /* LoginView.swift */,
			);
			path = View;
			sourceTree = "<group>";
		};
		CD4A403729A775310061744A /* Service */ = {
			isa = PBXGroup;
			children = (
				CD4A403829A775310061744A /* LoginService.swift */,
			);
			path = Service;
			sourceTree = "<group>";
		};
		CD4A403D29A775430061744A /* ForgotPassword */ = {
			isa = PBXGroup;
			children = (
				CD4A403E29A775430061744A /* ViewModel */,
				CD4A404029A775430061744A /* View */,
				CD4A404229A775430061744A /* Service */,
			);
			path = ForgotPassword;
			sourceTree = "<group>";
		};
		CD4A403E29A775430061744A /* ViewModel */ = {
			isa = PBXGroup;
			children = (
				CD4A403F29A775430061744A /* ForgotPasswordViewModel.swift */,
			);
			path = ViewModel;
			sourceTree = "<group>";
		};
		CD4A404029A775430061744A /* View */ = {
			isa = PBXGroup;
			children = (
				CD4A404129A775430061744A /* ForgotPasswordView.swift */,
			);
			path = View;
			sourceTree = "<group>";
		};
		CD4A404229A775430061744A /* Service */ = {
			isa = PBXGroup;
			children = (
				CD4A404329A775430061744A /* ForgotPasswordService.swift */,
			);
			path = Service;
			sourceTree = "<group>";
		};
		CD4A404729A7754A0061744A /* Register */ = {
			isa = PBXGroup;
			children = (
				CD4A404829A7754A0061744A /* ViewModel */,
				CD4A404A29A7754A0061744A /* Model */,
				CD4A404C29A7754A0061744A /* View */,
				CD4A404E29A7754A0061744A /* Service */,
			);
			path = Register;
			sourceTree = "<group>";
		};
		CD4A404829A7754A0061744A /* ViewModel */ = {
			isa = PBXGroup;
			children = (
				CD4A404929A7754A0061744A /* RegistrationViewModel.swift */,
			);
			path = ViewModel;
			sourceTree = "<group>";
		};
		CD4A404A29A7754A0061744A /* Model */ = {
			isa = PBXGroup;
			children = (
				CD4A404B29A7754A0061744A /* RegistrationDetails.swift */,
			);
			path = Model;
			sourceTree = "<group>";
		};
		CD4A404C29A7754A0061744A /* View */ = {
			isa = PBXGroup;
			children = (
				CD4A404D29A7754A0061744A /* RegisterView.swift */,
			);
			path = View;
			sourceTree = "<group>";
		};
		CD4A404E29A7754A0061744A /* Service */ = {
			isa = PBXGroup;
			children = (
				CD4A404F29A7754A0061744A /* RegistrationService.swift */,
			);
			path = Service;
			sourceTree = "<group>";
		};
		CD4A405429A775530061744A /* Session */ = {
			isa = PBXGroup;
			children = (
				CD4A405529A775530061744A /* Model */,
				CD4A405729A775530061744A /* Service */,
			);
			path = Session;
			sourceTree = "<group>";
		};
		CD4A405529A775530061744A /* Model */ = {
			isa = PBXGroup;
			children = (
				CD4A405629A775530061744A /* SessionUserDetails.swift */,
			);
			path = Model;
			sourceTree = "<group>";
		};
		CD4A405729A775530061744A /* Service */ = {
			isa = PBXGroup;
			children = (
				CD4A405829A775530061744A /* SessionService.swift */,
			);
			path = Service;
			sourceTree = "<group>";
		};
		CD4A405B29A775590061744A /* Account */ = {
			isa = PBXGroup;
			children = (
				CD4A405C29A775590061744A /* View */,
			);
			path = Account;
			sourceTree = "<group>";
		};
		CD4A405C29A775590061744A /* View */ = {
			isa = PBXGroup;
			children = (
				CD4A405D29A775590061744A /* AccountView.swift */,
			);
			path = View;
			sourceTree = "<group>";
		};
		CD4A405F29A77A8F0061744A /* Frameworks */ = {
			isa = PBXGroup;
			children = (
			);
			name = Frameworks;
			sourceTree = "<group>";
		};
		CD9CC0DF29C75E680076F9CA /* VenueList */ = {
			isa = PBXGroup;
			children = (
				CD9CC0E029C75E7D0076F9CA /* VenueList.swift */,
			);
			path = VenueList;
			sourceTree = "<group>";
		};
		CDD1A076299E16E4003E4C43 /* NewsFeed */ = {
			isa = PBXGroup;
			children = (
				CDD1A077299E16FC003E4C43 /* NewsFeedView.swift */,
			);
			path = NewsFeed;
			sourceTree = "<group>";
		};
/* End PBXGroup section */

/* Begin PBXNativeTarget section */
		33D8597728ABDDCB00C842CF /* Oryn */ = {
			isa = PBXNativeTarget;
			buildConfigurationList = 33D8598628ABDDCC00C842CF /* Build configuration list for PBXNativeTarget "Oryn" */;
			buildPhases = (
				33D8597428ABDDCB00C842CF /* Sources */,
				33D8597528ABDDCB00C842CF /* Frameworks */,
				33D8597628ABDDCB00C842CF /* Resources */,
			);
			buildRules = (
			);
			dependencies = (
			);
			name = Oryn;
			packageProductDependencies = (
				CDD1A072299E1636003E4C43 /* FirebaseFirestore */,
				CDD1A074299E1636003E4C43 /* FirebaseFirestoreSwift */,
				CDD1A07E299F695B003E4C43 /* SDWebImageSwiftUI */,
				CD4A406029A77A8F0061744A /* FirebaseDatabase */,
				CD4A406229A77B870061744A /* FirebaseAuth */,
				CD4A406529A780830061744A /* GoogleSignIn */,
				CD4A406729A780840061744A /* GoogleSignInSwift */,
			);
			productName = MovieBooking;
			productReference = 33D8597828ABDDCB00C842CF /* Oryn.app */;
			productType = "com.apple.product-type.application";
		};
/* End PBXNativeTarget section */

/* Begin PBXProject section */
		33D8597028ABDDCB00C842CF /* Project object */ = {
			isa = PBXProject;
			attributes = {
				BuildIndependentTargetsInParallel = 1;
				LastSwiftUpdateCheck = 1400;
				LastUpgradeCheck = 1400;
				TargetAttributes = {
					33D8597728ABDDCB00C842CF = {
						CreatedOnToolsVersion = 14.0;
					};
				};
			};
			buildConfigurationList = 33D8597328ABDDCB00C842CF /* Build configuration list for PBXProject "Oryn" */;
			compatibilityVersion = "Xcode 14.0";
			developmentRegion = en;
			hasScannedForEncodings = 0;
			knownRegions = (
				en,
				Base,
			);
			mainGroup = 33D8596F28ABDDCB00C842CF;
			packageReferences = (
				CDD1A071299E1636003E4C43 /* XCRemoteSwiftPackageReference "firebase-ios-sdk" */,
				CDD1A07D299F695B003E4C43 /* XCRemoteSwiftPackageReference "SDWebImageSwiftUI" */,
				CD4A406429A780830061744A /* XCRemoteSwiftPackageReference "GoogleSignIn-iOS" */,
			);
			productRefGroup = 33D8597928ABDDCB00C842CF /* Products */;
			projectDirPath = "";
			projectRoot = "";
			targets = (
				33D8597728ABDDCB00C842CF /* Oryn */,
			);
		};
/* End PBXProject section */

/* Begin PBXResourcesBuildPhase section */
		33D8597628ABDDCB00C842CF /* Resources */ = {
			isa = PBXResourcesBuildPhase;
			buildActionMask = 2147483647;
			files = (
				33D8598328ABDDCC00C842CF /* Preview Assets.xcassets in Resources */,
				33D8598028ABDDCC00C842CF /* Assets.xcassets in Resources */,
				CD4E60DD299F85610003229E /* GoogleService-Info.plist in Resources */,
			);
			runOnlyForDeploymentPostprocessing = 0;
		};
/* End PBXResourcesBuildPhase section */

/* Begin PBXSourcesBuildPhase section */
		33D8597428ABDDCB00C842CF /* Sources */ = {
			isa = PBXSourcesBuildPhase;
			buildActionMask = 2147483647;
			files = (
				CD4A403A29A775340061744A /* LoginCredentials.swift in Sources */,
				CD4A405329A7754A0061744A /* RegistrationService.swift in Sources */,
				CD4A405029A7754A0061744A /* RegistrationViewModel.swift in Sources */,
				33D8599228AC179800C842CF /* TimeButton.swift in Sources */,
				33D859A228AC2DF800C842CF /* utils.swift in Sources */,
				CD4A403929A775340061744A /* LoginViewModel.swift in Sources */,
				33D859A828AD74F000C842CF /* CustomTabBar.swift in Sources */,
				CD4A402029A7750B0061744A /* InputTextFieldView.swift in Sources */,
				CD4A404429A775430061744A /* ForgotPasswordViewModel.swift in Sources */,
				3314726D28AD8298000AFD83 /* HomeView.swift in Sources */,
				CD4A402129A7750B0061744A /* InputPasswordView.swift in Sources */,
				CD4A403B29A775340061744A /* LoginView.swift in Sources */,
				CDD1A078299E16FC003E4C43 /* NewsFeedView.swift in Sources */,
				3314727F28B03852000AFD83 /* RoundButton.swift in Sources */,
				CD4A405129A7754A0061744A /* RegistrationDetails.swift in Sources */,
				33D859A628AD6ABB00C842CF /* TabData.swift in Sources */,
				3314727B28B0331E000AFD83 /* StatusUI.swift in Sources */,
				33D8597E28ABDDCB00C842CF /* ContentView.swift in Sources */,
				CD4A405E29A7755A0061744A /* AccountView.swift in Sources */,
				CD4A401E29A7750B0061744A /* PreviewLayoutComponentModifier.swift in Sources */,
				3314726F28AEAF4F000AFD83 /* CustomSearchBar.swift in Sources */,
				CD4A405929A775530061744A /* SessionUserDetails.swift in Sources */,
				3314727528B0292A000AFD83 /* LargeButton.swift in Sources */,
				33D8598E28AC0EA600C842CF /* TicketData.swift in Sources */,
				3314727928B02E31000AFD83 /* SeatsView.swift in Sources */,
				CD4A404629A775430061744A /* ForgotPasswordService.swift in Sources */,
				CD4A404529A775430061744A /* ForgotPasswordView.swift in Sources */,
				33D8599B28AC26E000C842CF /* CircleButton.swift in Sources */,
				33D8599028AC10A500C842CF /* PosterData.swift in Sources */,
				33D8599728AC1E4D00C842CF /* CircleBackground.swift in Sources */,
				CD4A405229A7754A0061744A /* RegisterView.swift in Sources */,
				33D859A428AC34A000C842CF /* Tickets.swift in Sources */,
				3314727328B01EE4000AFD83 /* BookingView.swift in Sources */,
				3314727128AEB325000AFD83 /* ScrollSection.swift in Sources */,
				CD4A401F29A7750B0061744A /* CloseModifier.swift in Sources */,
				33D8599D28AC288000C842CF /* TicketView.swift in Sources */,
				CD4A403C29A775340061744A /* LoginService.swift in Sources */,
				33D859A028AC2D0700C842CF /* Ticket.swift in Sources */,
				33D8597C28ABDDCB00C842CF /* MovieBookingApp.swift in Sources */,
				CD9CC0E129C75E7D0076F9CA /* VenueList.swift in Sources */,
				CD4A405A29A775530061744A /* SessionService.swift in Sources */,
				CD4A402229A7750B0061744A /* ButtonComponentView.swift in Sources */,
				33D8599428AC17A200C842CF /* DateButton.swift in Sources */,
			);
			runOnlyForDeploymentPostprocessing = 0;
		};
/* End PBXSourcesBuildPhase section */

/* Begin XCBuildConfiguration section */
		33D8598428ABDDCC00C842CF /* Debug */ = {
			isa = XCBuildConfiguration;
			buildSettings = {
				ALWAYS_SEARCH_USER_PATHS = NO;
				CLANG_ANALYZER_NONNULL = YES;
				CLANG_ANALYZER_NUMBER_OBJECT_CONVERSION = YES_AGGRESSIVE;
				CLANG_CXX_LANGUAGE_STANDARD = "gnu++20";
				CLANG_ENABLE_MODULES = YES;
				CLANG_ENABLE_OBJC_ARC = YES;
				CLANG_ENABLE_OBJC_WEAK = YES;
				CLANG_WARN_BLOCK_CAPTURE_AUTORELEASING = YES;
				CLANG_WARN_BOOL_CONVERSION = YES;
				CLANG_WARN_COMMA = YES;
				CLANG_WARN_CONSTANT_CONVERSION = YES;
				CLANG_WARN_DEPRECATED_OBJC_IMPLEMENTATIONS = YES;
				CLANG_WARN_DIRECT_OBJC_ISA_USAGE = YES_ERROR;
				CLANG_WARN_DOCUMENTATION_COMMENTS = YES;
				CLANG_WARN_EMPTY_BODY = YES;
				CLANG_WARN_ENUM_CONVERSION = YES;
				CLANG_WARN_INFINITE_RECURSION = YES;
				CLANG_WARN_INT_CONVERSION = YES;
				CLANG_WARN_NON_LITERAL_NULL_CONVERSION = YES;
				CLANG_WARN_OBJC_IMPLICIT_RETAIN_SELF = YES;
				CLANG_WARN_OBJC_LITERAL_CONVERSION = YES;
				CLANG_WARN_OBJC_ROOT_CLASS = YES_ERROR;
				CLANG_WARN_QUOTED_INCLUDE_IN_FRAMEWORK_HEADER = YES;
				CLANG_WARN_RANGE_LOOP_ANALYSIS = YES;
				CLANG_WARN_STRICT_PROTOTYPES = YES;
				CLANG_WARN_SUSPICIOUS_MOVE = YES;
				CLANG_WARN_UNGUARDED_AVAILABILITY = YES_AGGRESSIVE;
				CLANG_WARN_UNREACHABLE_CODE = YES;
				CLANG_WARN__DUPLICATE_METHOD_MATCH = YES;
				COPY_PHASE_STRIP = NO;
				DEBUG_INFORMATION_FORMAT = dwarf;
				ENABLE_STRICT_OBJC_MSGSEND = YES;
				ENABLE_TESTABILITY = YES;
				GCC_C_LANGUAGE_STANDARD = gnu11;
				GCC_DYNAMIC_NO_PIC = NO;
				GCC_NO_COMMON_BLOCKS = YES;
				GCC_OPTIMIZATION_LEVEL = 0;
				GCC_PREPROCESSOR_DEFINITIONS = (
					"DEBUG=1",
					"$(inherited)",
				);
				GCC_WARN_64_TO_32_BIT_CONVERSION = YES;
				GCC_WARN_ABOUT_RETURN_TYPE = YES_ERROR;
				GCC_WARN_UNDECLARED_SELECTOR = YES;
				GCC_WARN_UNINITIALIZED_AUTOS = YES_AGGRESSIVE;
				GCC_WARN_UNUSED_FUNCTION = YES;
				GCC_WARN_UNUSED_VARIABLE = YES;
				IPHONEOS_DEPLOYMENT_TARGET = 16.0;
				MTL_ENABLE_DEBUG_INFO = INCLUDE_SOURCE;
				MTL_FAST_MATH = YES;
				ONLY_ACTIVE_ARCH = YES;
				SDKROOT = iphoneos;
				SWIFT_ACTIVE_COMPILATION_CONDITIONS = DEBUG;
				SWIFT_OPTIMIZATION_LEVEL = "-Onone";
			};
			name = Debug;
		};
		33D8598528ABDDCC00C842CF /* Release */ = {
			isa = XCBuildConfiguration;
			buildSettings = {
				ALWAYS_SEARCH_USER_PATHS = NO;
				CLANG_ANALYZER_NONNULL = YES;
				CLANG_ANALYZER_NUMBER_OBJECT_CONVERSION = YES_AGGRESSIVE;
				CLANG_CXX_LANGUAGE_STANDARD = "gnu++20";
				CLANG_ENABLE_MODULES = YES;
				CLANG_ENABLE_OBJC_ARC = YES;
				CLANG_ENABLE_OBJC_WEAK = YES;
				CLANG_WARN_BLOCK_CAPTURE_AUTORELEASING = YES;
				CLANG_WARN_BOOL_CONVERSION = YES;
				CLANG_WARN_COMMA = YES;
				CLANG_WARN_CONSTANT_CONVERSION = YES;
				CLANG_WARN_DEPRECATED_OBJC_IMPLEMENTATIONS = YES;
				CLANG_WARN_DIRECT_OBJC_ISA_USAGE = YES_ERROR;
				CLANG_WARN_DOCUMENTATION_COMMENTS = YES;
				CLANG_WARN_EMPTY_BODY = YES;
				CLANG_WARN_ENUM_CONVERSION = YES;
				CLANG_WARN_INFINITE_RECURSION = YES;
				CLANG_WARN_INT_CONVERSION = YES;
				CLANG_WARN_NON_LITERAL_NULL_CONVERSION = YES;
				CLANG_WARN_OBJC_IMPLICIT_RETAIN_SELF = YES;
				CLANG_WARN_OBJC_LITERAL_CONVERSION = YES;
				CLANG_WARN_OBJC_ROOT_CLASS = YES_ERROR;
				CLANG_WARN_QUOTED_INCLUDE_IN_FRAMEWORK_HEADER = YES;
				CLANG_WARN_RANGE_LOOP_ANALYSIS = YES;
				CLANG_WARN_STRICT_PROTOTYPES = YES;
				CLANG_WARN_SUSPICIOUS_MOVE = YES;
				CLANG_WARN_UNGUARDED_AVAILABILITY = YES_AGGRESSIVE;
				CLANG_WARN_UNREACHABLE_CODE = YES;
				CLANG_WARN__DUPLICATE_METHOD_MATCH = YES;
				COPY_PHASE_STRIP = NO;
				DEBUG_INFORMATION_FORMAT = "dwarf-with-dsym";
				ENABLE_NS_ASSERTIONS = NO;
				ENABLE_STRICT_OBJC_MSGSEND = YES;
				GCC_C_LANGUAGE_STANDARD = gnu11;
				GCC_NO_COMMON_BLOCKS = YES;
				GCC_WARN_64_TO_32_BIT_CONVERSION = YES;
				GCC_WARN_ABOUT_RETURN_TYPE = YES_ERROR;
				GCC_WARN_UNDECLARED_SELECTOR = YES;
				GCC_WARN_UNINITIALIZED_AUTOS = YES_AGGRESSIVE;
				GCC_WARN_UNUSED_FUNCTION = YES;
				GCC_WARN_UNUSED_VARIABLE = YES;
				IPHONEOS_DEPLOYMENT_TARGET = 16.0;
				MTL_ENABLE_DEBUG_INFO = NO;
				MTL_FAST_MATH = YES;
				SDKROOT = iphoneos;
				SWIFT_COMPILATION_MODE = wholemodule;
				SWIFT_OPTIMIZATION_LEVEL = "-O";
				VALIDATE_PRODUCT = YES;
			};
			name = Release;
		};
		33D8598728ABDDCC00C842CF /* Debug */ = {
			isa = XCBuildConfiguration;
			buildSettings = {
				ASSETCATALOG_COMPILER_APPICON_NAME = AppIcon;
				ASSETCATALOG_COMPILER_GLOBAL_ACCENT_COLOR_NAME = AccentColor;
				CODE_SIGN_ENTITLEMENTS = Oryn/Oryn.entitlements;
				CODE_SIGN_IDENTITY = "Apple Development";
				CODE_SIGN_STYLE = Automatic;
				CURRENT_PROJECT_VERSION = 1;
				DEVELOPMENT_ASSET_PATHS = "";
				DEVELOPMENT_TEAM = G4N3GS2J52;
				ENABLE_PREVIEWS = YES;
				GENERATE_INFOPLIST_FILE = YES;
				INFOPLIST_FILE = Oryn/Info.plist;
				INFOPLIST_KEY_UIApplicationSceneManifest_Generation = YES;
				INFOPLIST_KEY_UIApplicationSupportsIndirectInputEvents = YES;
				INFOPLIST_KEY_UISupportedInterfaceOrientations_iPad = "UIInterfaceOrientationPortrait UIInterfaceOrientationPortraitUpsideDown UIInterfaceOrientationLandscapeLeft UIInterfaceOrientationLandscapeRight";
				INFOPLIST_KEY_UISupportedInterfaceOrientations_iPhone = "UIInterfaceOrientationPortrait UIInterfaceOrientationLandscapeLeft UIInterfaceOrientationLandscapeRight";
				LD_RUNPATH_SEARCH_PATHS = (
					"$(inherited)",
					"@executable_path/Frameworks",
				);
				MARKETING_VERSION = 1.0;
				PRODUCT_BUNDLE_IDENTIFIER = oryn;
				PRODUCT_NAME = "$(TARGET_NAME)";
				PROVISIONING_PROFILE_SPECIFIER = "";
				SWIFT_EMIT_LOC_STRINGS = YES;
				SWIFT_VERSION = 5.0;
				TARGETED_DEVICE_FAMILY = "1,2";
			};
			name = Debug;
		};
		33D8598828ABDDCC00C842CF /* Release */ = {
			isa = XCBuildConfiguration;
			buildSettings = {
				ASSETCATALOG_COMPILER_APPICON_NAME = AppIcon;
				ASSETCATALOG_COMPILER_GLOBAL_ACCENT_COLOR_NAME = AccentColor;
				CODE_SIGN_ENTITLEMENTS = Oryn/Oryn.entitlements;
				CODE_SIGN_IDENTITY = "Apple Development";
				CODE_SIGN_STYLE = Automatic;
				CURRENT_PROJECT_VERSION = 1;
				DEVELOPMENT_ASSET_PATHS = "";
				DEVELOPMENT_TEAM = G4N3GS2J52;
				ENABLE_PREVIEWS = YES;
				GENERATE_INFOPLIST_FILE = YES;
				INFOPLIST_FILE = Oryn/Info.plist;
				INFOPLIST_KEY_UIApplicationSceneManifest_Generation = YES;
				INFOPLIST_KEY_UIApplicationSupportsIndirectInputEvents = YES;
				INFOPLIST_KEY_UISupportedInterfaceOrientations_iPad = "UIInterfaceOrientationPortrait UIInterfaceOrientationPortraitUpsideDown UIInterfaceOrientationLandscapeLeft UIInterfaceOrientationLandscapeRight";
				INFOPLIST_KEY_UISupportedInterfaceOrientations_iPhone = "UIInterfaceOrientationPortrait UIInterfaceOrientationLandscapeLeft UIInterfaceOrientationLandscapeRight";
				LD_RUNPATH_SEARCH_PATHS = (
					"$(inherited)",
					"@executable_path/Frameworks",
				);
				MARKETING_VERSION = 1.0;
				PRODUCT_BUNDLE_IDENTIFIER = oryn;
				PRODUCT_NAME = "$(TARGET_NAME)";
				PROVISIONING_PROFILE_SPECIFIER = "";
				SWIFT_EMIT_LOC_STRINGS = YES;
				SWIFT_VERSION = 5.0;
				TARGETED_DEVICE_FAMILY = "1,2";
			};
			name = Release;
		};
/* End XCBuildConfiguration section */

/* Begin XCConfigurationList section */
		33D8597328ABDDCB00C842CF /* Build configuration list for PBXProject "Oryn" */ = {
			isa = XCConfigurationList;
			buildConfigurations = (
				33D8598428ABDDCC00C842CF /* Debug */,
				33D8598528ABDDCC00C842CF /* Release */,
			);
			defaultConfigurationIsVisible = 0;
			defaultConfigurationName = Release;
		};
		33D8598628ABDDCC00C842CF /* Build configuration list for PBXNativeTarget "Oryn" */ = {
			isa = XCConfigurationList;
			buildConfigurations = (
				33D8598728ABDDCC00C842CF /* Debug */,
				33D8598828ABDDCC00C842CF /* Release */,
			);
			defaultConfigurationIsVisible = 0;
			defaultConfigurationName = Release;
		};
/* End XCConfigurationList section */

/* Begin XCRemoteSwiftPackageReference section */
		CD4A406429A780830061744A /* XCRemoteSwiftPackageReference "GoogleSignIn-iOS" */ = {
			isa = XCRemoteSwiftPackageReference;
			repositoryURL = "https://github.com/google/GoogleSignIn-iOS";
			requirement = {
				kind = upToNextMajorVersion;
				minimumVersion = 7.0.0;
			};
		};
		CDD1A071299E1636003E4C43 /* XCRemoteSwiftPackageReference "firebase-ios-sdk" */ = {
			isa = XCRemoteSwiftPackageReference;
			repositoryURL = "https://github.com/firebase/firebase-ios-sdk";
			requirement = {
				kind = upToNextMajorVersion;
				minimumVersion = 9.0.0;
			};
		};
		CDD1A07D299F695B003E4C43 /* XCRemoteSwiftPackageReference "SDWebImageSwiftUI" */ = {
			isa = XCRemoteSwiftPackageReference;
			repositoryURL = "https://github.com/SDWebImage/SDWebImageSwiftUI.git";
			requirement = {
				kind = upToNextMajorVersion;
				minimumVersion = 2.0.0;
			};
		};
/* End XCRemoteSwiftPackageReference section */

/* Begin XCSwiftPackageProductDependency section */
		CD4A406029A77A8F0061744A /* FirebaseDatabase */ = {
			isa = XCSwiftPackageProductDependency;
			package = CDD1A071299E1636003E4C43 /* XCRemoteSwiftPackageReference "firebase-ios-sdk" */;
			productName = FirebaseDatabase;
		};
		CD4A406229A77B870061744A /* FirebaseAuth */ = {
			isa = XCSwiftPackageProductDependency;
			package = CDD1A071299E1636003E4C43 /* XCRemoteSwiftPackageReference "firebase-ios-sdk" */;
			productName = FirebaseAuth;
		};
		CD4A406529A780830061744A /* GoogleSignIn */ = {
			isa = XCSwiftPackageProductDependency;
			package = CD4A406429A780830061744A /* XCRemoteSwiftPackageReference "GoogleSignIn-iOS" */;
			productName = GoogleSignIn;
		};
		CD4A406729A780840061744A /* GoogleSignInSwift */ = {
			isa = XCSwiftPackageProductDependency;
			package = CD4A406429A780830061744A /* XCRemoteSwiftPackageReference "GoogleSignIn-iOS" */;
			productName = GoogleSignInSwift;
		};
		CDD1A072299E1636003E4C43 /* FirebaseFirestore */ = {
			isa = XCSwiftPackageProductDependency;
			package = CDD1A071299E1636003E4C43 /* XCRemoteSwiftPackageReference "firebase-ios-sdk" */;
			productName = FirebaseFirestore;
		};
		CDD1A074299E1636003E4C43 /* FirebaseFirestoreSwift */ = {
			isa = XCSwiftPackageProductDependency;
			package = CDD1A071299E1636003E4C43 /* XCRemoteSwiftPackageReference "firebase-ios-sdk" */;
			productName = FirebaseFirestoreSwift;
		};
		CDD1A07E299F695B003E4C43 /* SDWebImageSwiftUI */ = {
			isa = XCSwiftPackageProductDependency;
			package = CDD1A07D299F695B003E4C43 /* XCRemoteSwiftPackageReference "SDWebImageSwiftUI" */;
			productName = SDWebImageSwiftUI;
		};
/* End XCSwiftPackageProductDependency section */
	};
	rootObject = 33D8597028ABDDCB00C842CF /* Project object */;
}
